
Microsoft Visual Studio Solution File, Format Version 12.00
# Visual Studio Version 17
VisualStudioVersion = 17.5.33530.505
MinimumVisualStudioVersion = 10.0.40219.1
Project("{FAE04EC0-301F-11D3-BF4B-00C04F79EFBC}") = "YouTubeVideoInfo", "YouTubeVideoInfo\YouTubeVideoInfo.csproj", "{AA784B18-787A-470B-9A07-D5A199E4CEC9}"
EndProject
Global
	GlobalSection(SolutionConfigurationPlatforms) = preSolution
		Debug|Any CPU = Debug|Any CPU
		Release|Any CPU = Release|Any CPU
	EndGlobalSection
	GlobalSection(ProjectConfigurationPlatforms) = postSolution
		{AA784B18-787A-470B-9A07-D5A199E4CEC9}.Debug|Any CPU.ActiveCfg = Debug|Any CPU
		{AA784B18-787A-470B-9A07-D5A199E4CEC9}.Debug|Any CPU.Build.0 = Debug|Any CPU
		{AA784B18-787A-470B-9A07-D5A199E4CEC9}.Release|Any CPU.ActiveCfg = Release|Any CPU
		{AA784B18-787A-470B-9A07-D5A199E4CEC9}.Release|Any CPU.Build.0 = Release|Any CPU
	EndGlobalSection
	GlobalSection(SolutionProperties) = preSolution
		HideSolutionNode = FALSE
	EndGlobalSection
	GlobalSection(ExtensibilityGlobals) = postSolution
		SolutionGuid = {67B561A7-64B5-41B1-8322-09055756923B}
	EndGlobalSection
EndGlobal
